
Microsoft Visual Studio Solution File, Format Version 12.00
# Visual Studio 15
VisualStudioVersion = 15.0.28307.757
MinimumVisualStudioVersion = 10.0.40219.1
Project("{9A19103F-16F7-4668-BE54-9A1E7A4F7556}") = "ThumbnailConverter", "ThumbnailConverter\ThumbnailConverter.csproj", "{A4100EFB-97B1-4B1A-AF68-7392F97247F0}"
EndProject
Project("{9A19103F-16F7-4668-BE54-9A1E7A4F7556}") = "ThumbnailConverter.Tests", "ThumbnailConverter.Tests\ThumbnailConverter.Tests.csproj", "{71A1CED9-A3C7-4AFE-AD5B-3547AC8FF5DB}"
EndProject
Global
	GlobalSection(SolutionConfigurationPlatforms) = preSolution
		Debug|Any CPU = Debug|Any CPU
		Release|Any CPU = Release|Any CPU
	EndGlobalSection
	GlobalSection(ProjectConfigurationPlatforms) = postSolution
		{A4100EFB-97B1-4B1A-AF68-7392F97247F0}.Debug|Any CPU.ActiveCfg = Debug|Any CPU
		{A4100EFB-97B1-4B1A-AF68-7392F97247F0}.Debug|Any CPU.Build.0 = Debug|Any CPU
		{A4100EFB-97B1-4B1A-AF68-7392F97247F0}.Release|Any CPU.ActiveCfg = Release|Any CPU
		{A4100EFB-97B1-4B1A-AF68-7392F97247F0}.Release|Any CPU.Build.0 = Release|Any CPU
		{71A1CED9-A3C7-4AFE-AD5B-3547AC8FF5DB}.Debug|Any CPU.ActiveCfg = Debug|Any CPU
		{71A1CED9-A3C7-4AFE-AD5B-3547AC8FF5DB}.Debug|Any CPU.Build.0 = Debug|Any CPU
		{71A1CED9-A3C7-4AFE-AD5B-3547AC8FF5DB}.Release|Any CPU.ActiveCfg = Release|Any CPU
		{71A1CED9-A3C7-4AFE-AD5B-3547AC8FF5DB}.Release|Any CPU.Build.0 = Release|Any CPU
	EndGlobalSection
	GlobalSection(SolutionProperties) = preSolution
		HideSolutionNode = FALSE
	EndGlobalSection
	GlobalSection(ExtensibilityGlobals) = postSolution
		SolutionGuid = {9B06BDD6-D441-45A7-B604-B61E43913F5E}
	EndGlobalSection
EndGlobal
